lockfileVersion: '9.0'

settings:
  autoInstallPeers: true
  excludeLinksFromLockfile: false

importers:

  .:
    dependencies:
      '@ai-sdk/openai-compatible':
        specifier: ^1.0.0
        version: 1.0.39(zod@4.4.3)
      '@ai-sdk/provider':
        specifier: ^2.0.0
        version: 2.0.3
      ai:
        specifier: ^5.0.0
        version: 5.0.188(zod@4.4.3)
      zod:
        specifier: ^4.0.0
        version: 4.4.3

packages:

  '@ai-sdk/gateway@2.0.89':
    resolution: {integrity: sha512-oIIsLOTgfuFIg6HGQ3d5gXjUvgx2YKav10T4t+sexnQj1anw6WoMDdSAT24igbfgWrC+Cf2tmlLeRhBUxdsZ9g==}
    engines: {node: '>=18'}
    peerDependencies:
      zod: ^3.25.76 || ^4.1.8

  '@ai-sdk/openai-compatible@1.0.39':
    resolution: {integrity: sha512-001hdQPPXxYBWrz5d+eAmBVYmwzsB+guIey1DFXi1ZEE5H3j7fRrhPpX55MdM9Fle2DS7WZ8b3qkumCIWE92YQ==}
    engines: {node: '>=18'}
    peerDependencies:
      zod: ^3.25.76 || ^4.1.8

  '@ai-sdk/provider-utils@3.0.25':
    resolution: {integrity: sha512-CvsRu+32Y8a167s+lrIBtsybvgTHp8j9y+6BeTvLeoW3Q+okw/b4CnNUFOLIXsRaKHQKAH+IHNJPYWywfpw0LA==}
    engines: {node: '>=18'}
    peerDependencies:
      zod: ^3.25.76 || ^4.1.8

  '@ai-sdk/provider@2.0.3':
    resolution: {integrity: sha512-h88OPkavHTiN9tMn2l5awAznGB0lXzjcLhgR1/rvjB2zlLprsNxbM2tt6OJsHUxduLC3klq0/eqaSf6fX5XVww==}
    engines: {node: '>=18'}

  '@opentelemetry/api@1.9.0':
    resolution: {integrity: sha512-3giAOQvZiH5F9bMlMiv8+GSPMeqg0dbaeo58/0SlA9sxSqZhnUtxzX9/2FzyhS9sWQf5S0GJE0AKBrFqjpeYcg==}
    engines: {node: '>=8.0.0'}

  '@standard-schema/spec@1.1.0':
    resolution: {integrity: sha512-l2aFy5jALhniG5HgqrD6jXLi/rUWrKvqN/qJx6yoJsgKhblVd+iqqU4RCXavm/jPityDo5TCvKMnpjKnOriy0w==}

  '@vercel/oidc@3.1.0':
    resolution: {integrity: sha512-Fw28YZpRnA3cAHHDlkt7xQHiJ0fcL+NRcIqsocZQUSmbzeIKRpwttJjik5ZGanXP+vlA4SbTg+AbA3bP363l+w==}
    engines: {node: '>= 20'}

  ai@5.0.188:
    resolution: {integrity: sha512-ABV+wRB1hz3UTZJTTqFIDi85tzUyr9o1ZKO5ZYZluFYlhZgKGOaInWaYv+OnBAb+qLpXWsrTWemd9/XShZJN0g==}
    engines: {node: '>=18'}
    peerDependencies:
      zod: ^3.25.76 || ^4.1.8

  eventsource-parser@3.0.8:
    resolution: {integrity: sha512-70QWGkr4snxr0OXLRWsFLeRBIRPuQOvt4s8QYjmUlmlkyTZkRqS7EDVRZtzU3TiyDbXSzaOeF0XUKy8PchzukQ==}
    engines: {node: '>=18.0.0'}

  json-schema@0.4.0:
    resolution: {integrity: sha512-es94M3nTIfsEPisRafak+HDLfHXnKBhV3vU5eqPcS3flIWqcxJWgXHXiey3YrpaNsanY5ei1VoYEbOzijuq9BA==}

  zod@4.4.3:
    resolution: {integrity: sha512-ytENFjIJFl2UwYglde2jchW2Hwm4GJFLDiSXWdTrJQBIN9Fcyp7n4DhxJEiWNAJMV1/BqWfW/kkg71UDcHJyTQ==}

snapshots:

  '@ai-sdk/gateway@2.0.89(zod@4.4.3)':
    dependencies:
      '@ai-sdk/provider': 2.0.3
      '@ai-sdk/provider-utils': 3.0.25(zod@4.4.3)
      '@vercel/oidc': 3.1.0
      zod: 4.4.3

  '@ai-sdk/openai-compatible@1.0.39(zod@4.4.3)':
    dependencies:
      '@ai-sdk/provider': 2.0.3
      '@ai-sdk/provider-utils': 3.0.25(zod@4.4.3)
      zod: 4.4.3

  '@ai-sdk/provider-utils@3.0.25(zod@4.4.3)':
    dependencies:
      '@ai-sdk/provider': 2.0.3
      '@standard-schema/spec': 1.1.0
      eventsource-parser: 3.0.8
      zod: 4.4.3

  '@ai-sdk/provider@2.0.3':
    dependencies:
      json-schema: 0.4.0

  '@opentelemetry/api@1.9.0': {}

  '@standard-schema/spec@1.1.0': {}

  '@vercel/oidc@3.1.0': {}

  ai@5.0.188(zod@4.4.3):
    dependencies:
      '@ai-sdk/gateway': 2.0.89(zod@4.4.3)
      '@ai-sdk/provider': 2.0.3
      '@ai-sdk/provider-utils': 3.0.25(zod@4.4.3)
      '@opentelemetry/api': 1.9.0
      zod: 4.4.3

  eventsource-parser@3.0.8: {}

  json-schema@0.4.0: {}

  zod@4.4.3: {}
